
Microsoft Visual Studio Solution File, Format Version 12.00
# Visual Studio Version 16
VisualStudioVersion = 16.0.30804.86
MinimumVisualStudioVersion = 10.0.40219.1
Project("{FAE04EC0-301F-11D3-BF4B-00C04F79EFBC}") = "DigitalFaturamMVC", "DigitalFaturamMVC\DigitalFaturamMVC.csproj", "{84106A54-80F1-488A-9F20-E73F31DDE544}"
EndProject
Global
	GlobalSection(SolutionConfigurationPlatforms) = preSolution
		Debug|Any CPU = Debug|Any CPU
		Release|Any CPU = Release|Any CPU
	EndGlobalSection
	GlobalSection(ProjectConfigurationPlatforms) = postSolution
		{84106A54-80F1-488A-9F20-E73F31DDE544}.Debug|Any CPU.ActiveCfg = Debug|Any CPU
		{84106A54-80F1-488A-9F20-E73F31DDE544}.Debug|Any CPU.Build.0 = Debug|Any CPU
		{84106A54-80F1-488A-9F20-E73F31DDE544}.Release|Any CPU.ActiveCfg = Release|Any CPU
		{84106A54-80F1-488A-9F20-E73F31DDE544}.Release|Any CPU.Build.0 = Release|Any CPU
	EndGlobalSection
	GlobalSection(SolutionProperties) = preSolution
		HideSolutionNode = FALSE
	EndGlobalSection
	GlobalSection(ExtensibilityGlobals) = postSolution
		SolutionGuid = {61493F61-6646-4F3E-ADBC-28D03445E2A9}
	EndGlobalSection
EndGlobal
